{
  "version": 4,
  "terraform_version": "1.4.2",
  "serial": 2,
  "lineage": "f7031e40-50d0-1d2a-0001-db5af9c14e26",
  "outputs": {
    "ip_address": {
      "value": {
        "dns_record": [],
        "index": 0,
        "ip_address": "10.128.0.137",
        "ipv4": true,
        "ipv6": false,
        "ipv6_address": "",
        "ipv6_dns_record": [],
        "mac_address": "d0:0d:93:bd:87:85",
        "nat": true,
        "nat_dns_record": [],
        "nat_ip_address": "158.160.52.19",
        "nat_ip_version": "IPV4",
        "security_group_ids": [],
        "subnet_id": "e9bs7kl3dvlsp0ap8tfg"
      },
      "type": [
        "object",
        {
          "dns_record": [
            "list",
            [
              "object",
              {
                "dns_zone_id": "string",
                "fqdn": "string",
                "ptr": "bool",
                "ttl": "number"
              }
            ]
          ],
          "index": "number",
          "ip_address": "string",
          "ipv4": "bool",
          "ipv6": "bool",
          "ipv6_address": "string",
          "ipv6_dns_record": [
            "list",
            [
              "object",
              {
                "dns_zone_id": "string",
                "fqdn": "string",
                "ptr": "bool",
                "ttl": "number"
              }
            ]
          ],
          "mac_address": "string",
          "nat": "bool",
          "nat_dns_record": [
            "list",
            [
              "object",
              {
                "dns_zone_id": "string",
                "fqdn": "string",
                "ptr": "bool",
                "ttl": "number"
              }
            ]
          ],
          "nat_ip_address": "string",
          "nat_ip_version": "string",
          "security_group_ids": [
            "set",
            "string"
          ],
          "subnet_id": "string"
        }
      ]
    },
    "yandex_vpc_subnets": {
      "value": {
        "created_at": "2022-10-11T09:03:11Z",
        "description": "Auto-created default subnet for zone ru-central1-a in default",
        "dhcp_options": [],
        "folder_id": "b1g9rrho5i3marttsacg",
        "id": "e9bs7kl3dvlsp0ap8tfg",
        "labels": {},
        "name": "default-ru-central1-a",
        "network_id": "enp70kbc0ha6hsi2948o",
        "route_table_id": "",
        "subnet_id": "e9bs7kl3dvlsp0ap8tfg",
        "v4_cidr_blocks": [
          "10.128.0.0/24"
        ],
        "v6_cidr_blocks": [],
        "zone": "ru-central1-a"
      },
      "type": [
        "object",
        {
          "created_at": "string",
          "description": "string",
          "dhcp_options": [
            "list",
            [
              "object",
              {
                "domain_name": "string",
                "domain_name_servers": [
                  "list",
                  "string"
                ],
                "ntp_servers": [
                  "list",
                  "string"
                ]
              }
            ]
          ],
          "folder_id": "string",
          "id": "string",
          "labels": [
            "map",
            "string"
          ],
          "name": "string",
          "network_id": "string",
          "route_table_id": "string",
          "subnet_id": "string",
          "v4_cidr_blocks": [
            "list",
            "string"
          ],
          "v6_cidr_blocks": [
            "list",
            "string"
          ],
          "zone": "string"
        }
      ]
    }
  },
  "resources": [
    {
      "mode": "data",
      "type": "yandex_vpc_network",
      "name": "default",
      "provider": "provider[\"registry.terraform.io/yandex-cloud/yandex\"]",
      "instances": [
        {
          "schema_version": 0,
          "attributes": {
            "created_at": "2022-10-11T09:03:10Z",
            "default_security_group_id": "",
            "description": "Auto-created network",
            "folder_id": "b1g9rrho5i3marttsacg",
            "id": "enp70kbc0ha6hsi2948o",
            "labels": {},
            "name": "default",
            "network_id": "enp70kbc0ha6hsi2948o",
            "subnet_ids": [
              "b0ckmihe5n210839njaa",
              "e2ltfaa5ogv7ppo8m9eb",
              "e9bs7kl3dvlsp0ap8tfg"
            ]
          },
          "sensitive_attributes": []
        }
      ]
    },
    {
      "mode": "data",
      "type": "yandex_vpc_subnet",
      "name": "default",
      "provider": "provider[\"registry.terraform.io/yandex-cloud/yandex\"]",
      "instances": [
        {
          "schema_version": 0,
          "attributes": {
            "created_at": "2022-10-11T09:03:11Z",
            "description": "Auto-created default subnet for zone ru-central1-a in default",
            "dhcp_options": [],
            "folder_id": "b1g9rrho5i3marttsacg",
            "id": "e9bs7kl3dvlsp0ap8tfg",
            "labels": {},
            "name": "default-ru-central1-a",
            "network_id": "enp70kbc0ha6hsi2948o",
            "route_table_id": "",
            "subnet_id": "e9bs7kl3dvlsp0ap8tfg",
            "v4_cidr_blocks": [
              "10.128.0.0/24"
            ],
            "v6_cidr_blocks": [],
            "zone": "ru-central1-a"
          },
          "sensitive_attributes": []
        }
      ]
    },
    {
      "mode": "managed",
      "type": "yandex_compute_instance",
      "name": "vm-1",
      "provider": "provider[\"registry.terraform.io/yandex-cloud/yandex\"]",
      "instances": [
        {
          "schema_version": 1,
          "attributes": {
            "allow_recreate": null,
            "allow_stopping_for_update": null,
            "boot_disk": [
              {
                "auto_delete": true,
                "device_name": "fhmdrom7p08e97lefsab",
                "disk_id": "fhmdrom7p08e97lefsab",
                "initialize_params": [
                  {
                    "block_size": 4096,
                    "description": "",
                    "image_id": "fd80qm01ah03dkqb14lc",
                    "name": "",
                    "size": 30,
                    "snapshot_id": "",
                    "type": "network-hdd"
                  }
                ],
                "mode": "READ_WRITE"
              }
            ],
            "created_at": "2023-03-25T10:51:49Z",
            "description": "",
            "filesystem": [],
            "folder_id": "b1g9rrho5i3marttsacg",
            "fqdn": "fhm0ieuof1c83lkb39pi.auto.internal",
            "gpu_cluster_id": "",
            "hostname": "",
            "id": "fhm0ieuof1c83lkb39pi",
            "labels": null,
            "local_disk": [],
            "metadata": {
              "user-data": "#cloud-config\ngroups:\n  - ansible\nusers:\n  - name: ansible\n    primary_group: ansible\n    groups: sudo\n    shell: /bin/bash\n    sudo: ['ALL=(ALL) NOPASSWD:ALL']\n    ssh_authorized_keys:\n      - \"ssh-rsa AAAAB3NzaC1yc2EAAAADAQABAAABgQDQ8ouREE3OPwQn2mvWmby1QB8mOO3xpxqrV1wvwX5z8tOQK7SFDeYQX8rV583TPLXJ+b6fQDE8T29Fm6zO37BUfwMHUUPJUwWJUXU7OSOBk+Sl6jx0U6SPu21rzukhhJqG8KvKMo9p+PB5N8w7t+UHpPxT46IEf+/MWqxCfmaZ8gr4qxLN8B2TvnMijwRGFbPj3MTZPgfh+xyjP86XDGwme+7fmOubpzXOdNza2haxIRReHiHSUEuOnyUmgAeIcmBxQOcg9zOi8HWyvsmpJjjt5ueaNx4v/5MYve+++ql50vwxUj5Fu9+NnGgB/8tZWXx+If/BakfV6PpdOKZb1N6mrkfDJZXcUMjK4ZZgkHwyesNJKoL854hG1aqTcpkV0AcTyEfejVRD7n0UGv/vPsh7CirtfISUBjbhIS/E7ByqAmZM3wg9uUpb8AU8G6BlDYRKuXx2iObunPC7yfIX3jssgABmq2gUPc17FlvcYcVHH72Ikichdq2c/ZCIjI3SHz0= sosuw@DESKTOP-DUPLO9I\"\n"
            },
            "metadata_options": [
              {
                "aws_v1_http_endpoint": 1,
                "aws_v1_http_token": 2,
                "gce_http_endpoint": 1,
                "gce_http_token": 1
              }
            ],
            "name": "chapter5-lesson2-std-009-066",
            "network_acceleration_type": "standard",
            "network_interface": [
              {
                "dns_record": [],
                "index": 0,
                "ip_address": "10.128.0.137",
                "ipv4": true,
                "ipv6": false,
                "ipv6_address": "",
                "ipv6_dns_record": [],
                "mac_address": "d0:0d:93:bd:87:85",
                "nat": true,
                "nat_dns_record": [],
                "nat_ip_address": "158.160.52.19",
                "nat_ip_version": "IPV4",
                "security_group_ids": [],
                "subnet_id": "e9bs7kl3dvlsp0ap8tfg"
              }
            ],
            "placement_policy": [
              {
                "host_affinity_rules": [],
                "placement_group_id": ""
              }
            ],
            "platform_id": "standard-v1",
            "resources": [
              {
                "core_fraction": 100,
                "cores": 2,
                "gpus": 0,
                "memory": 2
              }
            ],
            "scheduling_policy": [
              {
                "preemptible": false
              }
            ],
            "secondary_disk": [],
            "service_account_id": "",
            "status": "running",
            "timeouts": null,
            "zone": "ru-central1-a"
          },
          "sensitive_attributes": [],
          "private": "eyJlMmJmYjczMC1lY2FhLTExZTYtOGY4OC0zNDM2M2JjN2M0YzAiOnsiY3JlYXRlIjozMDAwMDAwMDAwMDAsImRlbGV0ZSI6MzAwMDAwMDAwMDAwLCJ1cGRhdGUiOjMwMDAwMDAwMDAwMH0sInNjaGVtYV92ZXJzaW9uIjoiMSJ9"
        }
      ]
    }
  ],
  "check_results": null
}
